{
  "name": "redux-practice3",
  "version": "1.0.0",
  "lockfileVersion": 1,
  "requires": true,
  "dependencies": {
    "key-mirror": {
      "version": "1.0.1",
      "resolved": "https://registry.npmjs.org/key-mirror/-/key-mirror-1.0.1.tgz",
      "integrity": "sha1-ChMtXIqCo6T8199zL/lRDQSrNms=",
      "dev": true
    }
  }
}
